{
  "name": "xiankequan",
  "lockfileVersion": 2,
  "requires": true,
  "packages": {
    "": {
      "dependencies": {
        "@vant/weapp": "^1.11.7",
        "mp-html": "^2.5.1"
      }
    },
    "node_modules/@vant/weapp": {
      "version": "1.11.7",
      "resolved": "https://registry.npmmirror.com/@vant/weapp/-/weapp-1.11.7.tgz",
      "integrity": "sha512-Rwn9BBnb4kHSV4XmvBicwtd42J+amEUfnFDcXJsGNPNX4a9c/DoT6YLsm4X1wB2+sQbdiQsbFBLAvGRBxCkD8g=="
    },
    "node_modules/mp-html": {
      "version": "2.5.1",
      "resolved": "https://registry.npmmirror.com/mp-html/-/mp-html-2.5.1.tgz",
      "integrity": "sha512-7BEH8dnQ89kOIyjdoYni8zcc0QAg+lgEWg0n9or9q2D4l26JNG+KPzHfttDyisC/5S7aPBblpXrFTYQv475w/Q=="
    }
  },
  "dependencies": {
    "@vant/weapp": {
      "version": "1.11.7",
      "resolved": "https://registry.npmmirror.com/@vant/weapp/-/weapp-1.11.7.tgz",
      "integrity": "sha512-Rwn9BBnb4kHSV4XmvBicwtd42J+amEUfnFDcXJsGNPNX4a9c/DoT6YLsm4X1wB2+sQbdiQsbFBLAvGRBxCkD8g=="
    },
    "mp-html": {
      "version": "2.5.1",
      "resolved": "https://registry.npmmirror.com/mp-html/-/mp-html-2.5.1.tgz",
      "integrity": "sha512-7BEH8dnQ89kOIyjdoYni8zcc0QAg+lgEWg0n9or9q2D4l26JNG+KPzHfttDyisC/5S7aPBblpXrFTYQv475w/Q=="
    }
  }
}
